// !$*UTF8*$!
{
	archiveVersion = 1;
	classes = {
	};
	objectVersion = 54;
	objects = {

/* Begin PBXBuildFile section */
		06179A1361789E05EA11CF92 /* Pods_MallSwiftTests.framework in Frameworks */ = {isa = PBXBuildFile; fileRef = D7F4E908EB39B98EA3A8AA4D /* Pods_MallSwiftTests.framework */; };
		31542B6F2A3DE60D00DB2A34 /* ViewController.swift in Sources */ = {isa = PBXBuildFile; fileRef = 31542B392A3DE60700DB2A34 /* ViewController.swift */; };
		31542B702A3DE60D00DB2A34 /* MallSwift.xcdatamodeld in Sources */ = {isa = PBXBuildFile; fileRef = 31542B3C2A3DE60700DB2A34 /* MallSwift.xcdatamodeld */; };
		31542B712A3DE60D00DB2A34 /* Assets.xcassets in Resources */ = {isa = PBXBuildFile; fileRef = 31542B3E2A3DE60700DB2A34 /* Assets.xcassets */; };
		31542B732A3DE60D00DB2A34 /* LaunchScreen.storyboard in Resources */ = {isa = PBXBuildFile; fileRef = 31542B622A3DE60900DB2A34 /* LaunchScreen.storyboard */; };
		31542B742A3DE60D00DB2A34 /* Main.storyboard in Resources */ = {isa = PBXBuildFile; fileRef = 31542B642A3DE60900DB2A34 /* Main.storyboard */; };
		31542B752A3DE60D00DB2A34 /* AppDelegate.swift in Sources */ = {isa = PBXBuildFile; fileRef = 31542B6A2A3DE60B00DB2A34 /* AppDelegate.swift */; };
		317A7EE12A3C62F400B02A1D /* MallSwiftTests.swift in Sources */ = {isa = PBXBuildFile; fileRef = 317A7EE02A3C62F400B02A1D /* MallSwiftTests.swift */; };
		317A7EEB2A3C62F400B02A1D /* MallSwiftUITests.swift in Sources */ = {isa = PBXBuildFile; fileRef = 317A7EEA2A3C62F400B02A1D /* MallSwiftUITests.swift */; };
		317A7EED2A3C62F400B02A1D /* MallSwiftUITestsLaunchTests.swift in Sources */ = {isa = PBXBuildFile; fileRef = 317A7EEC2A3C62F400B02A1D /* MallSwiftUITestsLaunchTests.swift */; };
		EA4F1E27FFE84AD8A9293798 /* Pods_MallSwift.framework in Frameworks */ = {isa = PBXBuildFile; fileRef = 4710B70E5940D279439E3D51 /* Pods_MallSwift.framework */; };
/* End PBXBuildFile section */

/* Begin PBXContainerItemProxy section */
		317A7EDD2A3C62F400B02A1D /* PBXContainerItemProxy */ = {
			isa = PBXContainerItemProxy;
			containerPortal = 317A7EBB2A3C62EF00B02A1D /* Project object */;
			proxyType = 1;
			remoteGlobalIDString = 317A7EC22A3C62EF00B02A1D;
			remoteInfo = MallSwift;
		};
		317A7EE72A3C62F400B02A1D /* PBXContainerItemProxy */ = {
			isa = PBXContainerItemProxy;
			containerPortal = 317A7EBB2A3C62EF00B02A1D /* Project object */;
			proxyType = 1;
			remoteGlobalIDString = 317A7EC22A3C62EF00B02A1D;
			remoteInfo = MallSwift;
		};
/* End PBXContainerItemProxy section */

/* Begin PBXFileReference section */
		31542B392A3DE60700DB2A34 /* ViewController.swift */ = {isa = PBXFileReference; fileEncoding = 4; lastKnownFileType = sourcecode.swift; path = ViewController.swift; sourceTree = "<group>"; };
		31542B3D2A3DE60700DB2A34 /* MallSwift.xcdatamodel */ = {isa = PBXFileReference; lastKnownFileType = wrapper.xcdatamodel; path = MallSwift.xcdatamodel; sourceTree = "<group>"; };
		31542B3E2A3DE60700DB2A34 /* Assets.xcassets */ = {isa = PBXFileReference; lastKnownFileType = folder.assetcatalog; path = Assets.xcassets; sourceTree = "<group>"; };
		31542B3F2A3DE60700DB2A34 /* Info.plist */ = {isa = PBXFileReference; fileEncoding = 4; lastKnownFileType = text.plist.xml; path = Info.plist; sourceTree = "<group>"; };
		31542B632A3DE60900DB2A34 /* Base */ = {isa = PBXFileReference; lastKnownFileType = file.storyboard; name = Base; path = Base.lproj/LaunchScreen.storyboard; sourceTree = "<group>"; };
		31542B652A3DE60900DB2A34 /* Base */ = {isa = PBXFileReference; lastKnownFileType = file.storyboard; name = Base; path = Base.lproj/Main.storyboard; sourceTree = "<group>"; };
		31542B6A2A3DE60B00DB2A34 /* AppDelegate.swift */ = {isa = PBXFileReference; fileEncoding = 4; lastKnownFileType = sourcecode.swift; path = AppDelegate.swift; sourceTree = "<group>"; };
		317A7EC32A3C62EF00B02A1D /* MallSwift.app */ = {isa = PBXFileReference; explicitFileType = wrapper.application; includeInIndex = 0; path = MallSwift.app; sourceTree = BUILT_PRODUCTS_DIR; };
		317A7EDC2A3C62F400B02A1D /* MallSwiftTests.xctest */ = {isa = PBXFileReference; explicitFileType = wrapper.cfbundle; includeInIndex = 0; path = MallSwiftTests.xctest; sourceTree = BUILT_PRODUCTS_DIR; };
		317A7EE02A3C62F400B02A1D /* MallSwiftTests.swift */ = {isa = PBXFileReference; lastKnownFileType = sourcecode.swift; path = MallSwiftTests.swift; sourceTree = "<group>"; };
		317A7EE62A3C62F400B02A1D /* MallSwiftUITests.xctest */ = {isa = PBXFileReference; explicitFileType = wrapper.cfbundle; includeInIndex = 0; path = MallSwiftUITests.xctest; sourceTree = BUILT_PRODUCTS_DIR; };
		317A7EEA2A3C62F400B02A1D /* MallSwiftUITests.swift */ = {isa = PBXFileReference; lastKnownFileType = sourcecode.swift; path = MallSwiftUITests.swift; sourceTree = "<group>"; };
		317A7EEC2A3C62F400B02A1D /* MallSwiftUITestsLaunchTests.swift */ = {isa = PBXFileReference; lastKnownFileType = sourcecode.swift; path = MallSwiftUITestsLaunchTests.swift; sourceTree = "<group>"; };
		4710B70E5940D279439E3D51 /* Pods_MallSwift.framework */ = {isa = PBXFileReference; explicitFileType = wrapper.framework; includeInIndex = 0; path = Pods_MallSwift.framework; sourceTree = BUILT_PRODUCTS_DIR; };
		726D35A852FEDF779A289190 /* Pods-MallSwift.release.xcconfig */ = {isa = PBXFileReference; includeInIndex = 1; lastKnownFileType = text.xcconfig; name = "Pods-MallSwift.release.xcconfig"; path = "Target Support Files/Pods-MallSwift/Pods-MallSwift.release.xcconfig"; sourceTree = "<group>"; };
		9BF9227E2D2E6262B7D64E28 /* Pods-MallSwiftTests.release.xcconfig */ = {isa = PBXFileReference; includeInIndex = 1; lastKnownFileType = text.xcconfig; name = "Pods-MallSwiftTests.release.xcconfig"; path = "Target Support Files/Pods-MallSwiftTests/Pods-MallSwiftTests.release.xcconfig"; sourceTree = "<group>"; };
		C36FA3774CE1087248146126 /* Pods-MallSwift.debug.xcconfig */ = {isa = PBXFileReference; includeInIndex = 1; lastKnownFileType = text.xcconfig; name = "Pods-MallSwift.debug.xcconfig"; path = "Target Support Files/Pods-MallSwift/Pods-MallSwift.debug.xcconfig"; sourceTree = "<group>"; };
		D7F4E908EB39B98EA3A8AA4D /* Pods_MallSwiftTests.framework */ = {isa = PBXFileReference; explicitFileType = wrapper.framework; includeInIndex = 0; path = Pods_MallSwiftTests.framework; sourceTree = BUILT_PRODUCTS_DIR; };
		EEE0345777DDBA08DE2AC86D /* Pods-MallSwiftTests.debug.xcconfig */ = {isa = PBXFileReference; includeInIndex = 1; lastKnownFileType = text.xcconfig; name = "Pods-MallSwiftTests.debug.xcconfig"; path = "Target Support Files/Pods-MallSwiftTests/Pods-MallSwiftTests.debug.xcconfig"; sourceTree = "<group>"; };
/* End PBXFileReference section */

/* Begin PBXFrameworksBuildPhase section */
		317A7EC02A3C62EF00B02A1D /* Frameworks */ = {
			isa = PBXFrameworksBuildPhase;
			buildActionMask = 2147483647;
			files = (
				EA4F1E27FFE84AD8A9293798 /* Pods_MallSwift.framework in Frameworks */,
			);
			runOnlyForDeploymentPostprocessing = 0;
		};
		317A7ED92A3C62F400B02A1D /* Frameworks */ = {
			isa = PBXFrameworksBuildPhase;
			buildActionMask = 2147483647;
			files = (
				06179A1361789E05EA11CF92 /* Pods_MallSwiftTests.framework in Frameworks */,
			);
			runOnlyForDeploymentPostprocessing = 0;
		};
		317A7EE32A3C62F400B02A1D /* Frameworks */ = {
			isa = PBXFrameworksBuildPhase;
			buildActionMask = 2147483647;
			files = (
			);
			runOnlyForDeploymentPostprocessing = 0;
		};
/* End PBXFrameworksBuildPhase section */

/* Begin PBXGroup section */
		09FAB8B99FEF251CC7DF3057 /* Pods */ = {
			isa = PBXGroup;
			children = (
				C36FA3774CE1087248146126 /* Pods-MallSwift.debug.xcconfig */,
				726D35A852FEDF779A289190 /* Pods-MallSwift.release.xcconfig */,
				EEE0345777DDBA08DE2AC86D /* Pods-MallSwiftTests.debug.xcconfig */,
				9BF9227E2D2E6262B7D64E28 /* Pods-MallSwiftTests.release.xcconfig */,
			);
			path = Pods;
			sourceTree = "<group>";
		};
		31542B382A3DE60700DB2A34 /* Common */ = {
			isa = PBXGroup;
			children = (
				31542B392A3DE60700DB2A34 /* ViewController.swift */,
				31542B3A2A3DE60700DB2A34 /* Table View Cells */,
			);
			path = Common;
			sourceTree = "<group>";
		};
		31542B3A2A3DE60700DB2A34 /* Table View Cells */ = {
			isa = PBXGroup;
			children = (
			);
			path = "Table View Cells";
			sourceTree = "<group>";
		};
		31542B3B2A3DE60700DB2A34 /* Resources */ = {
			isa = PBXGroup;
			children = (
				31542B3C2A3DE60700DB2A34 /* MallSwift.xcdatamodeld */,
				31542B3E2A3DE60700DB2A34 /* Assets.xcassets */,
				31542B3F2A3DE60700DB2A34 /* Info.plist */,
			);
			path = Resources;
			sourceTree = "<group>";
		};
		31542B402A3DE60800DB2A34 /* Extensions */ = {
			isa = PBXGroup;
			children = (
				31542B412A3DE60800DB2A34 /* UIImage */,
				31542B422A3DE60800DB2A34 /* UIColor */,
				31542B432A3DE60800DB2A34 /* UIView */,
				31542B442A3DE60800DB2A34 /* RxSwift */,
				31542B452A3DE60800DB2A34 /* UIFont */,
				31542B462A3DE60800DB2A34 /* Foundation */,
			);
			path = Extensions;
			sourceTree = "<group>";
		};
		31542B412A3DE60800DB2A34 /* UIImage */ = {
			isa = PBXGroup;
			children = (
			);
			path = UIImage;
			sourceTree = "<group>";
		};
		31542B422A3DE60800DB2A34 /* UIColor */ = {
			isa = PBXGroup;
			children = (
			);
			path = UIColor;
			sourceTree = "<group>";
		};
		31542B432A3DE60800DB2A34 /* UIView */ = {
			isa = PBXGroup;
			children = (
			);
			path = UIView;
			sourceTree = "<group>";
		};
		31542B442A3DE60800DB2A34 /* RxSwift */ = {
			isa = PBXGroup;
			children = (
			);
			path = RxSwift;
			sourceTree = "<group>";
		};
		31542B452A3DE60800DB2A34 /* UIFont */ = {
			isa = PBXGroup;
			children = (
			);
			path = UIFont;
			sourceTree = "<group>";
		};
		31542B462A3DE60800DB2A34 /* Foundation */ = {
			isa = PBXGroup;
			children = (
			);
			path = Foundation;
			sourceTree = "<group>";
		};
		31542B472A3DE60900DB2A34 /* Modules */ = {
			isa = PBXGroup;
			children = (
				31542B482A3DE60900DB2A34 /* Order */,
				31542B4A2A3DE60900DB2A34 /* HomePage */,
				31542B4C2A3DE60900DB2A34 /* Category */,
				31542B4E2A3DE60900DB2A34 /* Brand */,
				31542B502A3DE60900DB2A34 /* User */,
				31542B522A3DE60900DB2A34 /* Coupon */,
				31542B542A3DE60900DB2A34 /* Product */,
				31542B562A3DE60900DB2A34 /* Notice */,
				31542B582A3DE60900DB2A34 /* Register */,
				31542B592A3DE60900DB2A34 /* Money */,
				31542B5A2A3DE60900DB2A34 /* Address */,
				31542B5C2A3DE60900DB2A34 /* Cart */,
				31542B5E2A3DE60900DB2A34 /* UserInfo */,
				31542B5F2A3DE60900DB2A34 /* Set */,
				31542B612A3DE60900DB2A34 /* Main */,
				31542B662A3DE60900DB2A34 /* Login */,
			);
			path = Modules;
			sourceTree = "<group>";
		};
		31542B482A3DE60900DB2A34 /* Order */ = {
			isa = PBXGroup;
			children = (
				31542B492A3DE60900DB2A34 /* Cells */,
			);
			path = Order;
			sourceTree = "<group>";
		};
		31542B492A3DE60900DB2A34 /* Cells */ = {
			isa = PBXGroup;
			children = (
			);
			path = Cells;
			sourceTree = "<group>";
		};
		31542B4A2A3DE60900DB2A34 /* HomePage */ = {
			isa = PBXGroup;
			children = (
				31542B4B2A3DE60900DB2A34 /* Cells */,
			);
			path = HomePage;
			sourceTree = "<group>";
		};
		31542B4B2A3DE60900DB2A34 /* Cells */ = {
			isa = PBXGroup;
			children = (
			);
			path = Cells;
			sourceTree = "<group>";
		};
		31542B4C2A3DE60900DB2A34 /* Category */ = {
			isa = PBXGroup;
			children = (
				31542B4D2A3DE60900DB2A34 /* Cells */,
			);
			path = Category;
			sourceTree = "<group>";
		};
		31542B4D2A3DE60900DB2A34 /* Cells */ = {
			isa = PBXGroup;
			children = (
			);
			path = Cells;
			sourceTree = "<group>";
		};
		31542B4E2A3DE60900DB2A34 /* Brand */ = {
			isa = PBXGroup;
			children = (
				31542B4F2A3DE60900DB2A34 /* Cells */,
			);
			path = Brand;
			sourceTree = "<group>";
		};
		31542B4F2A3DE60900DB2A34 /* Cells */ = {
			isa = PBXGroup;
			children = (
			);
			path = Cells;
			sourceTree = "<group>";
		};
		31542B502A3DE60900DB2A34 /* User */ = {
			isa = PBXGroup;
			children = (
				31542B512A3DE60900DB2A34 /* Cells */,
			);
			path = User;
			sourceTree = "<group>";
		};
		31542B512A3DE60900DB2A34 /* Cells */ = {
			isa = PBXGroup;
			children = (
			);
			path = Cells;
			sourceTree = "<group>";
		};
		31542B522A3DE60900DB2A34 /* Coupon */ = {
			isa = PBXGroup;
			children = (
				31542B532A3DE60900DB2A34 /* Cells */,
			);
			path = Coupon;
			sourceTree = "<group>";
		};
		31542B532A3DE60900DB2A34 /* Cells */ = {
			isa = PBXGroup;
			children = (
			);
			path = Cells;
			sourceTree = "<group>";
		};
		31542B542A3DE60900DB2A34 /* Product */ = {
			isa = PBXGroup;
			children = (
				31542B552A3DE60900DB2A34 /* Cells */,
			);
			path = Product;
			sourceTree = "<group>";
		};
		31542B552A3DE60900DB2A34 /* Cells */ = {
			isa = PBXGroup;
			children = (
			);
			path = Cells;
			sourceTree = "<group>";
		};
		31542B562A3DE60900DB2A34 /* Notice */ = {
			isa = PBXGroup;
			children = (
				31542B572A3DE60900DB2A34 /* Cells */,
			);
			path = Notice;
			sourceTree = "<group>";
		};
		31542B572A3DE60900DB2A34 /* Cells */ = {
			isa = PBXGroup;
			children = (
			);
			path = Cells;
			sourceTree = "<group>";
		};
		31542B582A3DE60900DB2A34 /* Register */ = {
			isa = PBXGroup;
			children = (
			);
			path = Register;
			sourceTree = "<group>";
		};
		31542B592A3DE60900DB2A34 /* Money */ = {
			isa = PBXGroup;
			children = (
			);
			path = Money;
			sourceTree = "<group>";
		};
		31542B5A2A3DE60900DB2A34 /* Address */ = {
			isa = PBXGroup;
			children = (
				31542B5B2A3DE60900DB2A34 /* Cells */,
			);
			path = Address;
			sourceTree = "<group>";
		};
		31542B5B2A3DE60900DB2A34 /* Cells */ = {
			isa = PBXGroup;
			children = (
			);
			path = Cells;
			sourceTree = "<group>";
		};
		31542B5C2A3DE60900DB2A34 /* Cart */ = {
			isa = PBXGroup;
			children = (
				31542B5D2A3DE60900DB2A34 /* Cells */,
			);
			path = Cart;
			sourceTree = "<group>";
		};
		31542B5D2A3DE60900DB2A34 /* Cells */ = {
			isa = PBXGroup;
			children = (
			);
			path = Cells;
			sourceTree = "<group>";
		};
		31542B5E2A3DE60900DB2A34 /* UserInfo */ = {
			isa = PBXGroup;
			children = (
			);
			path = UserInfo;
			sourceTree = "<group>";
		};
		31542B5F2A3DE60900DB2A34 /* Set */ = {
			isa = PBXGroup;
			children = (
				31542B602A3DE60900DB2A34 /* Cells */,
			);
			path = Set;
			sourceTree = "<group>";
		};
		31542B602A3DE60900DB2A34 /* Cells */ = {
			isa = PBXGroup;
			children = (
			);
			path = Cells;
			sourceTree = "<group>";
		};
		31542B612A3DE60900DB2A34 /* Main */ = {
			isa = PBXGroup;
			children = (
				31542B622A3DE60900DB2A34 /* LaunchScreen.storyboard */,
				31542B642A3DE60900DB2A34 /* Main.storyboard */,
			);
			path = Main;
			sourceTree = "<group>";
		};
		31542B662A3DE60900DB2A34 /* Login */ = {
			isa = PBXGroup;
			children = (
			);
			path = Login;
			sourceTree = "<group>";
		};
		31542B672A3DE60A00DB2A34 /* Models */ = {
			isa = PBXGroup;
			children = (
			);
			path = Models;
			sourceTree = "<group>";
		};
		31542B682A3DE60A00DB2A34 /* Configs */ = {
			isa = PBXGroup;
			children = (
			);
			path = Configs;
			sourceTree = "<group>";
		};
		31542B692A3DE60B00DB2A34 /* Application */ = {
			isa = PBXGroup;
			children = (
				31542B6A2A3DE60B00DB2A34 /* AppDelegate.swift */,
			);
			path = Application;
			sourceTree = "<group>";
		};
		31542B6C2A3DE60B00DB2A34 /* Third Party */ = {
			isa = PBXGroup;
			children = (
			);
			path = "Third Party";
			sourceTree = "<group>";
		};
		31542B6D2A3DE60C00DB2A34 /* Networking */ = {
			isa = PBXGroup;
			children = (
			);
			path = Networking;
			sourceTree = "<group>";
		};
		31542B6E2A3DE60D00DB2A34 /* Managers */ = {
			isa = PBXGroup;
			children = (
			);
			path = Managers;
			sourceTree = "<group>";
		};
		317A7EBA2A3C62EF00B02A1D = {
			isa = PBXGroup;
			children = (
				317A7EC52A3C62EF00B02A1D /* MallSwift */,
				317A7EDF2A3C62F400B02A1D /* MallSwiftTests */,
				317A7EE92A3C62F400B02A1D /* MallSwiftUITests */,
				317A7EC42A3C62EF00B02A1D /* Products */,
				09FAB8B99FEF251CC7DF3057 /* Pods */,
				DCBD6611F3AC8455684E1279 /* Frameworks */,
			);
			sourceTree = "<group>";
		};
		317A7EC42A3C62EF00B02A1D /* Products */ = {
			isa = PBXGroup;
			children = (
				317A7EC32A3C62EF00B02A1D /* MallSwift.app */,
				317A7EDC2A3C62F400B02A1D /* MallSwiftTests.xctest */,
				317A7EE62A3C62F400B02A1D /* MallSwiftUITests.xctest */,
			);
			name = Products;
			sourceTree = "<group>";
		};
		317A7EC52A3C62EF00B02A1D /* MallSwift */ = {
			isa = PBXGroup;
			children = (
				31542B692A3DE60B00DB2A34 /* Application */,
				31542B382A3DE60700DB2A34 /* Common */,
				31542B682A3DE60A00DB2A34 /* Configs */,
				31542B402A3DE60800DB2A34 /* Extensions */,
				31542B6E2A3DE60D00DB2A34 /* Managers */,
				31542B672A3DE60A00DB2A34 /* Models */,
				31542B472A3DE60900DB2A34 /* Modules */,
				31542B6D2A3DE60C00DB2A34 /* Networking */,
				31542B3B2A3DE60700DB2A34 /* Resources */,
				31542B6C2A3DE60B00DB2A34 /* Third Party */,
			);
			path = MallSwift;
			sourceTree = "<group>";
		};
		317A7EDF2A3C62F400B02A1D /* MallSwiftTests */ = {
			isa = PBXGroup;
			children = (
				317A7EE02A3C62F400B02A1D /* MallSwiftTests.swift */,
			);
			path = MallSwiftTests;
			sourceTree = "<group>";
		};
		317A7EE92A3C62F400B02A1D /* MallSwiftUITests */ = {
			isa = PBXGroup;
			children = (
				317A7EEA2A3C62F400B02A1D /* MallSwiftUITests.swift */,
				317A7EEC2A3C62F400B02A1D /* MallSwiftUITestsLaunchTests.swift */,
			);
			path = MallSwiftUITests;
			sourceTree = "<group>";
		};
		DCBD6611F3AC8455684E1279 /* Frameworks */ = {
			isa = PBXGroup;
			children = (
				4710B70E5940D279439E3D51 /* Pods_MallSwift.framework */,
				D7F4E908EB39B98EA3A8AA4D /* Pods_MallSwiftTests.framework */,
			);
			name = Frameworks;
			sourceTree = "<group>";
		};
/* End PBXGroup section */

/* Begin PBXNativeTarget section */
		317A7EC22A3C62EF00B02A1D /* MallSwift */ = {
			isa = PBXNativeTarget;
			buildConfigurationList = 317A7EF02A3C62F400B02A1D /* Build configuration list for PBXNativeTarget "MallSwift" */;
			buildPhases = (
				87818576C2AE8B4EDC493D08 /* [CP] Check Pods Manifest.lock */,
				317A7EBF2A3C62EF00B02A1D /* Sources */,
				317A7EC02A3C62EF00B02A1D /* Frameworks */,
				317A7EC12A3C62EF00B02A1D /* Resources */,
				E8122682FA3D3FD7ED8B1F04 /* [CP] Embed Pods Frameworks */,
			);
			buildRules = (
			);
			dependencies = (
			);
			name = MallSwift;
			productName = MallSwift;
			productReference = 317A7EC32A3C62EF00B02A1D /* MallSwift.app */;
			productType = "com.apple.product-type.application";
		};
		317A7EDB2A3C62F400B02A1D /* MallSwiftTests */ = {
			isa = PBXNativeTarget;
			buildConfigurationList = 317A7EF32A3C62F400B02A1D /* Build configuration list for PBXNativeTarget "MallSwiftTests" */;
			buildPhases = (
				F328D85054740A94385E2AA6 /* [CP] Check Pods Manifest.lock */,
				317A7ED82A3C62F400B02A1D /* Sources */,
				317A7ED92A3C62F400B02A1D /* Frameworks */,
				317A7EDA2A3C62F400B02A1D /* Resources */,
				2A4552917F7EEC0AF44F9D86 /* [CP] Embed Pods Frameworks */,
			);
			buildRules = (
			);
			dependencies = (
				317A7EDE2A3C62F400B02A1D /* PBXTargetDependency */,
			);
			name = MallSwiftTests;
			productName = MallSwiftTests;
			productReference = 317A7EDC2A3C62F400B02A1D /* MallSwiftTests.xctest */;
			productType = "com.apple.product-type.bundle.unit-test";
		};
		317A7EE52A3C62F400B02A1D /* MallSwiftUITests */ = {
			isa = PBXNativeTarget;
			buildConfigurationList = 317A7EF62A3C62F400B02A1D /* Build configuration list for PBXNativeTarget "MallSwiftUITests" */;
			buildPhases = (
				317A7EE22A3C62F400B02A1D /* Sources */,
				317A7EE32A3C62F400B02A1D /* Frameworks */,
				317A7EE42A3C62F400B02A1D /* Resources */,
			);
			buildRules = (
			);
			dependencies = (
				317A7EE82A3C62F400B02A1D /* PBXTargetDependency */,
			);
			name = MallSwiftUITests;
			productName = MallSwiftUITests;
			productReference = 317A7EE62A3C62F400B02A1D /* MallSwiftUITests.xctest */;
			productType = "com.apple.product-type.bundle.ui-testing";
		};
/* End PBXNativeTarget section */

/* Begin PBXProject section */
		317A7EBB2A3C62EF00B02A1D /* Project object */ = {
			isa = PBXProject;
			attributes = {
				BuildIndependentTargetsInParallel = 1;
				LastSwiftUpdateCheck = 1410;
				LastUpgradeCheck = 1410;
				TargetAttributes = {
					317A7EC22A3C62EF00B02A1D = {
						CreatedOnToolsVersion = 14.1;
					};
					317A7EDB2A3C62F400B02A1D = {
						CreatedOnToolsVersion = 14.1;
						TestTargetID = 317A7EC22A3C62EF00B02A1D;
					};
					317A7EE52A3C62F400B02A1D = {
						CreatedOnToolsVersion = 14.1;
						TestTargetID = 317A7EC22A3C62EF00B02A1D;
					};
				};
			};
			buildConfigurationList = 317A7EBE2A3C62EF00B02A1D /* Build configuration list for PBXProject "MallSwift" */;
			compatibilityVersion = "Xcode 12.0";
			developmentRegion = en;
			hasScannedForEncodings = 0;
			knownRegions = (
				en,
				Base,
			);
			mainGroup = 317A7EBA2A3C62EF00B02A1D;
			productRefGroup = 317A7EC42A3C62EF00B02A1D /* Products */;
			projectDirPath = "";
			projectRoot = "";
			targets = (
				317A7EC22A3C62EF00B02A1D /* MallSwift */,
				317A7EDB2A3C62F400B02A1D /* MallSwiftTests */,
				317A7EE52A3C62F400B02A1D /* MallSwiftUITests */,
			);
		};
/* End PBXProject section */

/* Begin PBXResourcesBuildPhase section */
		317A7EC12A3C62EF00B02A1D /* Resources */ = {
			isa = PBXResourcesBuildPhase;
			buildActionMask = 2147483647;
			files = (
				31542B732A3DE60D00DB2A34 /* LaunchScreen.storyboard in Resources */,
				31542B712A3DE60D00DB2A34 /* Assets.xcassets in Resources */,
				31542B742A3DE60D00DB2A34 /* Main.storyboard in Resources */,
			);
			runOnlyForDeploymentPostprocessing = 0;
		};
		317A7EDA2A3C62F400B02A1D /* Resources */ = {
			isa = PBXResourcesBuildPhase;
			buildActionMask = 2147483647;
			files = (
			);
			runOnlyForDeploymentPostprocessing = 0;
		};
		317A7EE42A3C62F400B02A1D /* Resources */ = {
			isa = PBXResourcesBuildPhase;
			buildActionMask = 2147483647;
			files = (
			);
			runOnlyForDeploymentPostprocessing = 0;
		};
/* End PBXResourcesBuildPhase section */

/* Begin PBXShellScriptBuildPhase section */
		2A4552917F7EEC0AF44F9D86 /* [CP] Embed Pods Frameworks */ = {
			isa = PBXShellScriptBuildPhase;
			buildActionMask = 2147483647;
			files = (
			);
			inputFileListPaths = (
				"${PODS_ROOT}/Target Support Files/Pods-MallSwiftTests/Pods-MallSwiftTests-frameworks-${CONFIGURATION}-input-files.xcfilelist",
			);
			name = "[CP] Embed Pods Frameworks";
			outputFileListPaths = (
				"${PODS_ROOT}/Target Support Files/Pods-MallSwiftTests/Pods-MallSwiftTests-frameworks-${CONFIGURATION}-output-files.xcfilelist",
			);
			runOnlyForDeploymentPostprocessing = 0;
			shellPath = /bin/sh;
			shellScript = "\"${PODS_ROOT}/Target Support Files/Pods-MallSwiftTests/Pods-MallSwiftTests-frameworks.sh\"\n";
			showEnvVarsInLog = 0;
		};
		87818576C2AE8B4EDC493D08 /* [CP] Check Pods Manifest.lock */ = {
			isa = PBXShellScriptBuildPhase;
			buildActionMask = 2147483647;
			files = (
			);
			inputFileListPaths = (
			);
			inputPaths = (
				"${PODS_PODFILE_DIR_PATH}/Podfile.lock",
				"${PODS_ROOT}/Manifest.lock",
			);
			name = "[CP] Check Pods Manifest.lock";
			outputFileListPaths = (
			);
			outputPaths = (
				"$(DERIVED_FILE_DIR)/Pods-MallSwift-checkManifestLockResult.txt",
			);
			runOnlyForDeploymentPostprocessing = 0;
			shellPath = /bin/sh;
			shellScript = "diff \"${PODS_PODFILE_DIR_PATH}/Podfile.lock\" \"${PODS_ROOT}/Manifest.lock\" > /dev/null\nif [ $? != 0 ] ; then\n    # print error to STDERR\n    echo \"error: The sandbox is not in sync with the Podfile.lock. Run 'pod install' or update your CocoaPods installation.\" >&2\n    exit 1\nfi\n# This output is used by Xcode 'outputs' to avoid re-running this script phase.\necho \"SUCCESS\" > \"${SCRIPT_OUTPUT_FILE_0}\"\n";
			showEnvVarsInLog = 0;
		};
		E8122682FA3D3FD7ED8B1F04 /* [CP] Embed Pods Frameworks */ = {
			isa = PBXShellScriptBuildPhase;
			buildActionMask = 2147483647;
			files = (
			);
			inputFileListPaths = (
				"${PODS_ROOT}/Target Support Files/Pods-MallSwift/Pods-MallSwift-frameworks-${CONFIGURATION}-input-files.xcfilelist",
			);
			name = "[CP] Embed Pods Frameworks";
			outputFileListPaths = (
				"${PODS_ROOT}/Target Support Files/Pods-MallSwift/Pods-MallSwift-frameworks-${CONFIGURATION}-output-files.xcfilelist",
			);
			runOnlyForDeploymentPostprocessing = 0;
			shellPath = /bin/sh;
			shellScript = "\"${PODS_ROOT}/Target Support Files/Pods-MallSwift/Pods-MallSwift-frameworks.sh\"\n";
			showEnvVarsInLog = 0;
		};
		F328D85054740A94385E2AA6 /* [CP] Check Pods Manifest.lock */ = {
			isa = PBXShellScriptBuildPhase;
			buildActionMask = 2147483647;
			files = (
			);
			inputFileListPaths = (
			);
			inputPaths = (
				"${PODS_PODFILE_DIR_PATH}/Podfile.lock",
				"${PODS_ROOT}/Manifest.lock",
			);
			name = "[CP] Check Pods Manifest.lock";
			outputFileListPaths = (
			);
			outputPaths = (
				"$(DERIVED_FILE_DIR)/Pods-MallSwiftTests-checkManifestLockResult.txt",
			);
			runOnlyForDeploymentPostprocessing = 0;
			shellPath = /bin/sh;
			shellScript = "diff \"${PODS_PODFILE_DIR_PATH}/Podfile.lock\" \"${PODS_ROOT}/Manifest.lock\" > /dev/null\nif [ $? != 0 ] ; then\n    # print error to STDERR\n    echo \"error: The sandbox is not in sync with the Podfile.lock. Run 'pod install' or update your CocoaPods installation.\" >&2\n    exit 1\nfi\n# This output is used by Xcode 'outputs' to avoid re-running this script phase.\necho \"SUCCESS\" > \"${SCRIPT_OUTPUT_FILE_0}\"\n";
			showEnvVarsInLog = 0;
		};
/* End PBXShellScriptBuildPhase section */

/* Begin PBXSourcesBuildPhase section */
		317A7EBF2A3C62EF00B02A1D /* Sources */ = {
			isa = PBXSourcesBuildPhase;
			buildActionMask = 2147483647;
			files = (
				31542B752A3DE60D00DB2A34 /* AppDelegate.swift in Sources */,
				31542B6F2A3DE60D00DB2A34 /* ViewController.swift in Sources */,
				31542B702A3DE60D00DB2A34 /* MallSwift.xcdatamodeld in Sources */,
			);
			runOnlyForDeploymentPostprocessing = 0;
		};
		317A7ED82A3C62F400B02A1D /* Sources */ = {
			isa = PBXSourcesBuildPhase;
			buildActionMask = 2147483647;
			files = (
				317A7EE12A3C62F400B02A1D /* MallSwiftTests.swift in Sources */,
			);
			runOnlyForDeploymentPostprocessing = 0;
		};
		317A7EE22A3C62F400B02A1D /* Sources */ = {
			isa = PBXSourcesBuildPhase;
			buildActionMask = 2147483647;
			files = (
				317A7EED2A3C62F400B02A1D /* MallSwiftUITestsLaunchTests.swift in Sources */,
				317A7EEB2A3C62F400B02A1D /* MallSwiftUITests.swift in Sources */,
			);
			runOnlyForDeploymentPostprocessing = 0;
		};
/* End PBXSourcesBuildPhase section */

/* Begin PBXTargetDependency section */
		317A7EDE2A3C62F400B02A1D /* PBXTargetDependency */ = {
			isa = PBXTargetDependency;
			target = 317A7EC22A3C62EF00B02A1D /* MallSwift */;
			targetProxy = 317A7EDD2A3C62F400B02A1D /* PBXContainerItemProxy */;
		};
		317A7EE82A3C62F400B02A1D /* PBXTargetDependency */ = {
			isa = PBXTargetDependency;
			target = 317A7EC22A3C62EF00B02A1D /* MallSwift */;
			targetProxy = 317A7EE72A3C62F400B02A1D /* PBXContainerItemProxy */;
		};
/* End PBXTargetDependency section */

/* Begin PBXVariantGroup section */
		31542B622A3DE60900DB2A34 /* LaunchScreen.storyboard */ = {
			isa = PBXVariantGroup;
			children = (
				31542B632A3DE60900DB2A34 /* Base */,
			);
			name = LaunchScreen.storyboard;
			sourceTree = "<group>";
		};
		31542B642A3DE60900DB2A34 /* Main.storyboard */ = {
			isa = PBXVariantGroup;
			children = (
				31542B652A3DE60900DB2A34 /* Base */,
			);
			name = Main.storyboard;
			sourceTree = "<group>";
		};
/* End PBXVariantGroup section */

/* Begin XCBuildConfiguration section */
		317A7EEE2A3C62F400B02A1D /* Debug */ = {
			isa = XCBuildConfiguration;
			buildSettings = {
				ALWAYS_SEARCH_USER_PATHS = NO;
				CLANG_ANALYZER_NONNULL = YES;
				CLANG_ANALYZER_NUMBER_OBJECT_CONVERSION = YES_AGGRESSIVE;
				CLANG_CXX_LANGUAGE_STANDARD = "gnu++20";
				CLANG_ENABLE_MODULES = YES;
				CLANG_ENABLE_OBJC_ARC = YES;
				CLANG_ENABLE_OBJC_WEAK = YES;
				CLANG_WARN_BLOCK_CAPTURE_AUTORELEASING = YES;
				CLANG_WARN_BOOL_CONVERSION = YES;
				CLANG_WARN_COMMA = YES;
				CLANG_WARN_CONSTANT_CONVERSION = YES;
				CLANG_WARN_DEPRECATED_OBJC_IMPLEMENTATIONS = YES;
				CLANG_WARN_DIRECT_OBJC_ISA_USAGE = YES_ERROR;
				CLANG_WARN_DOCUMENTATION_COMMENTS = YES;
				CLANG_WARN_EMPTY_BODY = YES;
				CLANG_WARN_ENUM_CONVERSION = YES;
				CLANG_WARN_INFINITE_RECURSION = YES;
				CLANG_WARN_INT_CONVERSION = YES;
				CLANG_WARN_NON_LITERAL_NULL_CONVERSION = YES;
				CLANG_WARN_OBJC_IMPLICIT_RETAIN_SELF = YES;
				CLANG_WARN_OBJC_LITERAL_CONVERSION = YES;
				CLANG_WARN_OBJC_ROOT_CLASS = YES_ERROR;
				CLANG_WARN_QUOTED_INCLUDE_IN_FRAMEWORK_HEADER = YES;
				CLANG_WARN_RANGE_LOOP_ANALYSIS = YES;
				CLANG_WARN_STRICT_PROTOTYPES = YES;
				CLANG_WARN_SUSPICIOUS_MOVE = YES;
				CLANG_WARN_UNGUARDED_AVAILABILITY = YES_AGGRESSIVE;
				CLANG_WARN_UNREACHABLE_CODE = YES;
				CLANG_WARN__DUPLICATE_METHOD_MATCH = YES;
				COPY_PHASE_STRIP = NO;
				DEBUG_INFORMATION_FORMAT = dwarf;
				ENABLE_STRICT_OBJC_MSGSEND = YES;
				ENABLE_TESTABILITY = YES;
				GCC_C_LANGUAGE_STANDARD = gnu11;
				GCC_DYNAMIC_NO_PIC = NO;
				GCC_NO_COMMON_BLOCKS = YES;
				GCC_OPTIMIZATION_LEVEL = 0;
				GCC_PREPROCESSOR_DEFINITIONS = (
					"DEBUG=1",
					"$(inherited)",
				);
				GCC_WARN_64_TO_32_BIT_CONVERSION = YES;
				GCC_WARN_ABOUT_RETURN_TYPE = YES_ERROR;
				GCC_WARN_UNDECLARED_SELECTOR = YES;
				GCC_WARN_UNINITIALIZED_AUTOS = YES_AGGRESSIVE;
				GCC_WARN_UNUSED_FUNCTION = YES;
				GCC_WARN_UNUSED_VARIABLE = YES;
				IPHONEOS_DEPLOYMENT_TARGET = 16.1;
				MTL_ENABLE_DEBUG_INFO = INCLUDE_SOURCE;
				MTL_FAST_MATH = YES;
				ONLY_ACTIVE_ARCH = YES;
				SDKROOT = iphoneos;
				SWIFT_ACTIVE_COMPILATION_CONDITIONS = DEBUG;
				SWIFT_OPTIMIZATION_LEVEL = "-Onone";
			};
			name = Debug;
		};
		317A7EEF2A3C62F400B02A1D /* Release */ = {
			isa = XCBuildConfiguration;
			buildSettings = {
				ALWAYS_SEARCH_USER_PATHS = NO;
				CLANG_ANALYZER_NONNULL = YES;
				CLANG_ANALYZER_NUMBER_OBJECT_CONVERSION = YES_AGGRESSIVE;
				CLANG_CXX_LANGUAGE_STANDARD = "gnu++20";
				CLANG_ENABLE_MODULES = YES;
				CLANG_ENABLE_OBJC_ARC = YES;
				CLANG_ENABLE_OBJC_WEAK = YES;
				CLANG_WARN_BLOCK_CAPTURE_AUTORELEASING = YES;
				CLANG_WARN_BOOL_CONVERSION = YES;
				CLANG_WARN_COMMA = YES;
				CLANG_WARN_CONSTANT_CONVERSION = YES;
				CLANG_WARN_DEPRECATED_OBJC_IMPLEMENTATIONS = YES;
				CLANG_WARN_DIRECT_OBJC_ISA_USAGE = YES_ERROR;
				CLANG_WARN_DOCUMENTATION_COMMENTS = YES;
				CLANG_WARN_EMPTY_BODY = YES;
				CLANG_WARN_ENUM_CONVERSION = YES;
				CLANG_WARN_INFINITE_RECURSION = YES;
				CLANG_WARN_INT_CONVERSION = YES;
				CLANG_WARN_NON_LITERAL_NULL_CONVERSION = YES;
				CLANG_WARN_OBJC_IMPLICIT_RETAIN_SELF = YES;
				CLANG_WARN_OBJC_LITERAL_CONVERSION = YES;
				CLANG_WARN_OBJC_ROOT_CLASS = YES_ERROR;
				CLANG_WARN_QUOTED_INCLUDE_IN_FRAMEWORK_HEADER = YES;
				CLANG_WARN_RANGE_LOOP_ANALYSIS = YES;
				CLANG_WARN_STRICT_PROTOTYPES = YES;
				CLANG_WARN_SUSPICIOUS_MOVE = YES;
				CLANG_WARN_UNGUARDED_AVAILABILITY = YES_AGGRESSIVE;
				CLANG_WARN_UNREACHABLE_CODE = YES;
				CLANG_WARN__DUPLICATE_METHOD_MATCH = YES;
				COPY_PHASE_STRIP = NO;
				DEBUG_INFORMATION_FORMAT = "dwarf-with-dsym";
				ENABLE_NS_ASSERTIONS = NO;
				ENABLE_STRICT_OBJC_MSGSEND = YES;
				GCC_C_LANGUAGE_STANDARD = gnu11;
				GCC_NO_COMMON_BLOCKS = YES;
				GCC_WARN_64_TO_32_BIT_CONVERSION = YES;
				GCC_WARN_ABOUT_RETURN_TYPE = YES_ERROR;
				GCC_WARN_UNDECLARED_SELECTOR = YES;
				GCC_WARN_UNINITIALIZED_AUTOS = YES_AGGRESSIVE;
				GCC_WARN_UNUSED_FUNCTION = YES;
				GCC_WARN_UNUSED_VARIABLE = YES;
				IPHONEOS_DEPLOYMENT_TARGET = 16.1;
				MTL_ENABLE_DEBUG_INFO = NO;
				MTL_FAST_MATH = YES;
				SDKROOT = iphoneos;
				SWIFT_COMPILATION_MODE = wholemodule;
				SWIFT_OPTIMIZATION_LEVEL = "-O";
				VALIDATE_PRODUCT = YES;
			};
			name = Release;
		};
		317A7EF12A3C62F400B02A1D /* Debug */ = {
			isa = XCBuildConfiguration;
			baseConfigurationReference = C36FA3774CE1087248146126 /* Pods-MallSwift.debug.xcconfig */;
			buildSettings = {
				ASSETCATALOG_COMPILER_APPICON_NAME = AppIcon;
				ASSETCATALOG_COMPILER_GLOBAL_ACCENT_COLOR_NAME = AccentColor;
				CODE_SIGN_STYLE = Automatic;
				CURRENT_PROJECT_VERSION = 20230617;
				DEVELOPMENT_TEAM = 6S34JWBQE8;
				GENERATE_INFOPLIST_FILE = YES;
				INFOPLIST_FILE = MallSwift/Info.plist;
				INFOPLIST_KEY_UIApplicationSupportsIndirectInputEvents = YES;
				INFOPLIST_KEY_UILaunchStoryboardName = LaunchScreen;
				INFOPLIST_KEY_UIMainStoryboardFile = Main;
				INFOPLIST_KEY_UISupportedInterfaceOrientations_iPad = "UIInterfaceOrientationPortrait UIInterfaceOrientationPortraitUpsideDown UIInterfaceOrientationLandscapeLeft UIInterfaceOrientationLandscapeRight";
				INFOPLIST_KEY_UISupportedInterfaceOrientations_iPhone = "UIInterfaceOrientationPortrait UIInterfaceOrientationLandscapeLeft UIInterfaceOrientationLandscapeRight";
				IPHONEOS_DEPLOYMENT_TARGET = 13.0;
				LD_RUNPATH_SEARCH_PATHS = (
					"$(inherited)",
					"@executable_path/Frameworks",
				);
				MARKETING_VERSION = 0.0.1;
				PRODUCT_BUNDLE_IDENTIFIER = com.caosuyang.MallSwift;
				PRODUCT_NAME = "$(TARGET_NAME)";
				SWIFT_EMIT_LOC_STRINGS = YES;
				SWIFT_VERSION = 5.0;
				TARGETED_DEVICE_FAMILY = "1,2";
			};
			name = Debug;
		};
		317A7EF22A3C62F400B02A1D /* Release */ = {
			isa = XCBuildConfiguration;
			baseConfigurationReference = 726D35A852FEDF779A289190 /* Pods-MallSwift.release.xcconfig */;
			buildSettings = {
				ASSETCATALOG_COMPILER_APPICON_NAME = AppIcon;
				ASSETCATALOG_COMPILER_GLOBAL_ACCENT_COLOR_NAME = AccentColor;
				CODE_SIGN_STYLE = Automatic;
				CURRENT_PROJECT_VERSION = 20230617;
				DEVELOPMENT_TEAM = 6S34JWBQE8;
				GENERATE_INFOPLIST_FILE = YES;
				INFOPLIST_FILE = MallSwift/Info.plist;
				INFOPLIST_KEY_UIApplicationSupportsIndirectInputEvents = YES;
				INFOPLIST_KEY_UILaunchStoryboardName = LaunchScreen;
				INFOPLIST_KEY_UIMainStoryboardFile = Main;
				INFOPLIST_KEY_UISupportedInterfaceOrientations_iPad = "UIInterfaceOrientationPortrait UIInterfaceOrientationPortraitUpsideDown UIInterfaceOrientationLandscapeLeft UIInterfaceOrientationLandscapeRight";
				INFOPLIST_KEY_UISupportedInterfaceOrientations_iPhone = "UIInterfaceOrientationPortrait UIInterfaceOrientationLandscapeLeft UIInterfaceOrientationLandscapeRight";
				IPHONEOS_DEPLOYMENT_TARGET = 13.0;
				LD_RUNPATH_SEARCH_PATHS = (
					"$(inherited)",
					"@executable_path/Frameworks",
				);
				MARKETING_VERSION = 0.0.1;
				PRODUCT_BUNDLE_IDENTIFIER = com.caosuyang.MallSwift;
				PRODUCT_NAME = "$(TARGET_NAME)";
				SWIFT_EMIT_LOC_STRINGS = YES;
				SWIFT_VERSION = 5.0;
				TARGETED_DEVICE_FAMILY = "1,2";
			};
			name = Release;
		};
		317A7EF42A3C62F400B02A1D /* Debug */ = {
			isa = XCBuildConfiguration;
			baseConfigurationReference = EEE0345777DDBA08DE2AC86D /* Pods-MallSwiftTests.debug.xcconfig */;
			buildSettings = {
				ALWAYS_EMBED_SWIFT_STANDARD_LIBRARIES = YES;
				BUNDLE_LOADER = "$(TEST_HOST)";
				CODE_SIGN_STYLE = Automatic;
				CURRENT_PROJECT_VERSION = 1;
				DEVELOPMENT_TEAM = 6S34JWBQE8;
				GENERATE_INFOPLIST_FILE = YES;
				IPHONEOS_DEPLOYMENT_TARGET = 16.1;
				MARKETING_VERSION = 1.0;
				PRODUCT_BUNDLE_IDENTIFIER = com.caosuyang.MallSwiftTests;
				PRODUCT_NAME = "$(TARGET_NAME)";
				SWIFT_EMIT_LOC_STRINGS = NO;
				SWIFT_VERSION = 5.0;
				TARGETED_DEVICE_FAMILY = "1,2";
				TEST_HOST = "$(BUILT_PRODUCTS_DIR)/MallSwift.app/$(BUNDLE_EXECUTABLE_FOLDER_PATH)/MallSwift";
			};
			name = Debug;
		};
		317A7EF52A3C62F400B02A1D /* Release */ = {
			isa = XCBuildConfiguration;
			baseConfigurationReference = 9BF9227E2D2E6262B7D64E28 /* Pods-MallSwiftTests.release.xcconfig */;
			buildSettings = {
				ALWAYS_EMBED_SWIFT_STANDARD_LIBRARIES = YES;
				BUNDLE_LOADER = "$(TEST_HOST)";
				CODE_SIGN_STYLE = Automatic;
				CURRENT_PROJECT_VERSION = 1;
				DEVELOPMENT_TEAM = 6S34JWBQE8;
				GENERATE_INFOPLIST_FILE = YES;
				IPHONEOS_DEPLOYMENT_TARGET = 16.1;
				MARKETING_VERSION = 1.0;
				PRODUCT_BUNDLE_IDENTIFIER = com.caosuyang.MallSwiftTests;
				PRODUCT_NAME = "$(TARGET_NAME)";
				SWIFT_EMIT_LOC_STRINGS = NO;
				SWIFT_VERSION = 5.0;
				TARGETED_DEVICE_FAMILY = "1,2";
				TEST_HOST = "$(BUILT_PRODUCTS_DIR)/MallSwift.app/$(BUNDLE_EXECUTABLE_FOLDER_PATH)/MallSwift";
			};
			name = Release;
		};
		317A7EF72A3C62F400B02A1D /* Debug */ = {
			isa = XCBuildConfiguration;
			buildSettings = {
				ALWAYS_EMBED_SWIFT_STANDARD_LIBRARIES = YES;
				CODE_SIGN_STYLE = Automatic;
				CURRENT_PROJECT_VERSION = 1;
				DEVELOPMENT_TEAM = 6S34JWBQE8;
				GENERATE_INFOPLIST_FILE = YES;
				MARKETING_VERSION = 1.0;
				PRODUCT_BUNDLE_IDENTIFIER = com.caosuyang.MallSwiftUITests;
				PRODUCT_NAME = "$(TARGET_NAME)";
				SWIFT_EMIT_LOC_STRINGS = NO;
				SWIFT_VERSION = 5.0;
				TARGETED_DEVICE_FAMILY = "1,2";
				TEST_TARGET_NAME = MallSwift;
			};
			name = Debug;
		};
		317A7EF82A3C62F400B02A1D /* Release */ = {
			isa = XCBuildConfiguration;
			buildSettings = {
				ALWAYS_EMBED_SWIFT_STANDARD_LIBRARIES = YES;
				CODE_SIGN_STYLE = Automatic;
				CURRENT_PROJECT_VERSION = 1;
				DEVELOPMENT_TEAM = 6S34JWBQE8;
				GENERATE_INFOPLIST_FILE = YES;
				MARKETING_VERSION = 1.0;
				PRODUCT_BUNDLE_IDENTIFIER = com.caosuyang.MallSwiftUITests;
				PRODUCT_NAME = "$(TARGET_NAME)";
				SWIFT_EMIT_LOC_STRINGS = NO;
				SWIFT_VERSION = 5.0;
				TARGETED_DEVICE_FAMILY = "1,2";
				TEST_TARGET_NAME = MallSwift;
			};
			name = Release;
		};
/* End XCBuildConfiguration section */

/* Begin XCConfigurationList section */
		317A7EBE2A3C62EF00B02A1D /* Build configuration list for PBXProject "MallSwift" */ = {
			isa = XCConfigurationList;
			buildConfigurations = (
				317A7EEE2A3C62F400B02A1D /* Debug */,
				317A7EEF2A3C62F400B02A1D /* Release */,
			);
			defaultConfigurationIsVisible = 0;
			defaultConfigurationName = Release;
		};
		317A7EF02A3C62F400B02A1D /* Build configuration list for PBXNativeTarget "MallSwift" */ = {
			isa = XCConfigurationList;
			buildConfigurations = (
				317A7EF12A3C62F400B02A1D /* Debug */,
				317A7EF22A3C62F400B02A1D /* Release */,
			);
			defaultConfigurationIsVisible = 0;
			defaultConfigurationName = Release;
		};
		317A7EF32A3C62F400B02A1D /* Build configuration list for PBXNativeTarget "MallSwiftTests" */ = {
			isa = XCConfigurationList;
			buildConfigurations = (
				317A7EF42A3C62F400B02A1D /* Debug */,
				317A7EF52A3C62F400B02A1D /* Release */,
			);
			defaultConfigurationIsVisible = 0;
			defaultConfigurationName = Release;
		};
		317A7EF62A3C62F400B02A1D /* Build configuration list for PBXNativeTarget "MallSwiftUITests" */ = {
			isa = XCConfigurationList;
			buildConfigurations = (
				317A7EF72A3C62F400B02A1D /* Debug */,
				317A7EF82A3C62F400B02A1D /* Release */,
			);
			defaultConfigurationIsVisible = 0;
			defaultConfigurationName = Release;
		};
/* End XCConfigurationList section */

/* Begin XCVersionGroup section */
		31542B3C2A3DE60700DB2A34 /* MallSwift.xcdatamodeld */ = {
			isa = XCVersionGroup;
			children = (
				31542B3D2A3DE60700DB2A34 /* MallSwift.xcdatamodel */,
			);
			currentVersion = 31542B3D2A3DE60700DB2A34 /* MallSwift.xcdatamodel */;
			path = MallSwift.xcdatamodeld;
			sourceTree = "<group>";
			versionGroupType = wrapper.xcdatamodel;
		};
/* End XCVersionGroup section */
	};
	rootObject = 317A7EBB2A3C62EF00B02A1D /* Project object */;
}
